
Microsoft Visual Studio Solution File, Format Version 12.00
# Visual Studio Version 17
VisualStudioVersion = 17.1.32210.238
MinimumVisualStudioVersion = 10.0.40219.1
Project("{FAE04EC0-301F-11D3-BF4B-00C04F79EFBC}") = "VRCTelekinesis", "VRCTelekinesis.csproj", "{41946640-8223-4B83-A244-91B45E1AA202}"
EndProject
Global
	GlobalSection(SolutionConfigurationPlatforms) = preSolution
		Debug|Any CPU = Debug|Any CPU
		Release|Any CPU = Release|Any CPU
	EndGlobalSection
	GlobalSection(ProjectConfigurationPlatforms) = postSolution
		{41946640-8223-4B83-A244-91B45E1AA202}.Debug|Any CPU.ActiveCfg = Debug|Any CPU
		{41946640-8223-4B83-A244-91B45E1AA202}.Debug|Any CPU.Build.0 = Debug|Any CPU
		{41946640-8223-4B83-A244-91B45E1AA202}.Release|Any CPU.ActiveCfg = Release|Any CPU
		{41946640-8223-4B83-A244-91B45E1AA202}.Release|Any CPU.Build.0 = Release|Any CPU
	EndGlobalSection
	GlobalSection(SolutionProperties) = preSolution
		HideSolutionNode = FALSE
	EndGlobalSection
	GlobalSection(ExtensibilityGlobals) = postSolution
		SolutionGuid = {1C79CA4A-4D22-4B0F-97A7-064E5DCC7326}
	EndGlobalSection
EndGlobal
